{
  "name": "icquai-js-playground",
  "version": "1.0.0",
  "lockfileVersion": 2,
  "requires": true,
  "packages": {
    "": {
      "name": "icquai-js-playground",
      "version": "1.0.0",
      "license": "GPL-3.0-or-later",
      "dependencies": {
        "@noble/ed25519": "^1.6.1",
        "es-first-aid": "^1.6.2"
      }
    },
    "node_modules/@noble/ed25519": {
      "version": "1.6.1",
      "resolved": "https://registry.npmjs.org/@noble/ed25519/-/ed25519-1.6.1.tgz",
      "integrity": "sha512-Gptpue6qPmg7p1E5LBO5GDtXw5WMc2DVtUmu4EQequOcoCvum1dT9sY6s9M8aSJWq9YopCN4jmTOAvqMdw3q7w==",
      "funding": [
        {
          "type": "individual",
          "url": "https://paulmillr.com/funding/"
        }
      ]
    },
    "node_modules/es-first-aid": {
      "version": "1.6.2",
      "resolved": "https://registry.npmjs.org/es-first-aid/-/es-first-aid-1.6.2.tgz",
      "integrity": "sha512-in3uRKMI34VJY2p/p1kM209DDATqMFJSh/Z55OCTcmtZhRlhiFfA0pylMgLh8FpLJ44uPRPtKKv6aRyxwPLBaQ=="
    }
  },
  "dependencies": {
    "@noble/ed25519": {
      "version": "1.6.1",
      "resolved": "https://registry.npmjs.org/@noble/ed25519/-/ed25519-1.6.1.tgz",
      "integrity": "sha512-Gptpue6qPmg7p1E5LBO5GDtXw5WMc2DVtUmu4EQequOcoCvum1dT9sY6s9M8aSJWq9YopCN4jmTOAvqMdw3q7w=="
    },
    "es-first-aid": {
      "version": "1.6.2",
      "resolved": "https://registry.npmjs.org/es-first-aid/-/es-first-aid-1.6.2.tgz",
      "integrity": "sha512-in3uRKMI34VJY2p/p1kM209DDATqMFJSh/Z55OCTcmtZhRlhiFfA0pylMgLh8FpLJ44uPRPtKKv6aRyxwPLBaQ=="
    }
  }
}
